
Microsoft Visual Studio Solution File, Format Version 12.00
# Visual Studio Version 16
VisualStudioVersion = 16.0.30611.23
MinimumVisualStudioVersion = 10.0.40219.1
Project("{FAE04EC0-301F-11D3-BF4B-00C04F79EFBC}") = "InfyAzureDemo", "InfyAzureDemo.csproj", "{D748C342-550A-4521-B4B5-295F81374692}"
EndProject
Global
	GlobalSection(SolutionConfigurationPlatforms) = preSolution
		Debug|Any CPU = Debug|Any CPU
		Release|Any CPU = Release|Any CPU
	EndGlobalSection
	GlobalSection(ProjectConfigurationPlatforms) = postSolution
		{D748C342-550A-4521-B4B5-295F81374692}.Debug|Any CPU.ActiveCfg = Debug|Any CPU
		{D748C342-550A-4521-B4B5-295F81374692}.Debug|Any CPU.Build.0 = Debug|Any CPU
		{D748C342-550A-4521-B4B5-295F81374692}.Release|Any CPU.ActiveCfg = Release|Any CPU
		{D748C342-550A-4521-B4B5-295F81374692}.Release|Any CPU.Build.0 = Release|Any CPU
	EndGlobalSection
	GlobalSection(SolutionProperties) = preSolution
		HideSolutionNode = FALSE
	EndGlobalSection
	GlobalSection(ExtensibilityGlobals) = postSolution
		SolutionGuid = {6138A21D-9A96-4CE3-9ADC-6FF7208261D1}
	EndGlobalSection
EndGlobal
